
Microsoft Visual Studio Solution File, Format Version 12.00
# Visual Studio Version 17
VisualStudioVersion = 17.10.35013.160
MinimumVisualStudioVersion = 10.0.40219.1
Project("{FAE04EC0-301F-11D3-BF4B-00C04F79EFBC}") = "API", "API\API.csproj", "{7D8B6240-844C-4F4D-8444-46B2892A0FEB}"
EndProject
Global
	GlobalSection(SolutionConfigurationPlatforms) = preSolution
		Debug|Any CPU = Debug|Any CPU
		Release|Any CPU = Release|Any CPU
	EndGlobalSection
	GlobalSection(ProjectConfigurationPlatforms) = postSolution
		{7D8B6240-844C-4F4D-8444-46B2892A0FEB}.Debug|Any CPU.ActiveCfg = Debug|Any CPU
		{7D8B6240-844C-4F4D-8444-46B2892A0FEB}.Debug|Any CPU.Build.0 = Debug|Any CPU
		{7D8B6240-844C-4F4D-8444-46B2892A0FEB}.Release|Any CPU.ActiveCfg = Release|Any CPU
		{7D8B6240-844C-4F4D-8444-46B2892A0FEB}.Release|Any CPU.Build.0 = Release|Any CPU
	EndGlobalSection
	GlobalSection(SolutionProperties) = preSolution
		HideSolutionNode = FALSE
	EndGlobalSection
	GlobalSection(ExtensibilityGlobals) = postSolution
		SolutionGuid = {F58D49A2-EA74-4F3D-95F0-05CB02107FC7}
	EndGlobalSection
EndGlobal
